// !$*UTF8*$!
{
	archiveVersion = 1;
	classes = {
	};
	objectVersion = 48;
	objects = {

/* Begin PBXBuildFile section */
		8B8C0A962066228C0063859D /* ItemsViewController.swift in Sources */ = {isa = PBXBuildFile; fileRef = 8B8C0A932066228C0063859D /* ItemsViewController.swift */; };
		8B8C0A98206629FA0063859D /* ItemDetailViewController.swift in Sources */ = {isa = PBXBuildFile; fileRef = 8B8C0A97206629FA0063859D /* ItemDetailViewController.swift */; };
		8B8C0A9A20662A0A0063859D /* ScannerViewController.swift in Sources */ = {isa = PBXBuildFile; fileRef = 8B8C0A9920662A0A0063859D /* ScannerViewController.swift */; };
		8B8C0A9C20662BEC0063859D /* ItemsViewController+UITableViewDelegate.swift in Sources */ = {isa = PBXBuildFile; fileRef = 8B8C0A9B20662BEC0063859D /* ItemsViewController+UITableViewDelegate.swift */; };
		8B8C0A9E20662DDA0063859D /* ItemsViewController+UITableViewDatasource.swift in Sources */ = {isa = PBXBuildFile; fileRef = 8B8C0A9D20662DDA0063859D /* ItemsViewController+UITableViewDatasource.swift */; };
		8B8C0AA020662EAC0063859D /* Models.swift in Sources */ = {isa = PBXBuildFile; fileRef = 8B8C0A9F20662EAC0063859D /* Models.swift */; };
		8B8C0AA420663BFE0063859D /* Constants.swift in Sources */ = {isa = PBXBuildFile; fileRef = 8B8C0AA320663BFE0063859D /* Constants.swift */; };
		8BC438C62066162700B71A60 /* AppDelegate.swift in Sources */ = {isa = PBXBuildFile; fileRef = 8BC438C52066162700B71A60 /* AppDelegate.swift */; };
		8BC438CB2066162700B71A60 /* Main.storyboard in Resources */ = {isa = PBXBuildFile; fileRef = 8BC438C92066162700B71A60 /* Main.storyboard */; };
		8BC438CD2066162700B71A60 /* Assets.xcassets in Resources */ = {isa = PBXBuildFile; fileRef = 8BC438CC2066162700B71A60 /* Assets.xcassets */; };
		8BC438D02066162700B71A60 /* LaunchScreen.storyboard in Resources */ = {isa = PBXBuildFile; fileRef = 8BC438CE2066162700B71A60 /* LaunchScreen.storyboard */; };
		8BC438DB2066162800B71A60 /* RealmBarcodeTests.swift in Sources */ = {isa = PBXBuildFile; fileRef = 8BC438DA2066162800B71A60 /* RealmBarcodeTests.swift */; };
		8BC438E62066162800B71A60 /* RealmBarcodeUITests.swift in Sources */ = {isa = PBXBuildFile; fileRef = 8BC438E52066162800B71A60 /* RealmBarcodeUITests.swift */; };
		8BE2250A2069B30900417A2B /* README.md in Resources */ = {isa = PBXBuildFile; fileRef = 8BE225092069B30900417A2B /* README.md */; };
		8BE2250D2069EADD00417A2B /* LocalIPAddress.swift in Sources */ = {isa = PBXBuildFile; fileRef = 8BE2250C2069EADD00417A2B /* LocalIPAddress.swift */; };
		9A7E44F137DD4ABB99660355 /* Pods_RealmBarcodeUITests.framework in Frameworks */ = {isa = PBXBuildFile; fileRef = 8455CAA6864D6E7423E487A4 /* Pods_RealmBarcodeUITests.framework */; };
		C5957AF8927C4012287921F3 /* Pods_RealmBarcode.framework in Frameworks */ = {isa = PBXBuildFile; fileRef = 397C37CF14DCEB95BF1F8C2D /* Pods_RealmBarcode.framework */; };
		F4C8875BBA0BDDA80CC2FD61 /* Pods_RealmBarcodeTests.framework in Frameworks */ = {isa = PBXBuildFile; fileRef = 0330BEE9BB27706D965E23E4 /* Pods_RealmBarcodeTests.framework */; };
/* End PBXBuildFile section */

/* Begin PBXContainerItemProxy section */
		8BC438D72066162800B71A60 /* PBXContainerItemProxy */ = {
			isa = PBXContainerItemProxy;
			containerPortal = 8BC438BA2066162700B71A60 /* Project object */;
			proxyType = 1;
			remoteGlobalIDString = 8BC438C12066162700B71A60;
			remoteInfo = RealmBarcode;
		};
		8BC438E22066162800B71A60 /* PBXContainerItemProxy */ = {
			isa = PBXContainerItemProxy;
			containerPortal = 8BC438BA2066162700B71A60 /* Project object */;
			proxyType = 1;
			remoteGlobalIDString = 8BC438C12066162700B71A60;
			remoteInfo = RealmBarcode;
		};
/* End PBXContainerItemProxy section */

/* Begin PBXFileReference section */
		0330BEE9BB27706D965E23E4 /* Pods_RealmBarcodeTests.framework */ = {isa = PBXFileReference; explicitFileType = wrapper.framework; includeInIndex = 0; path = Pods_RealmBarcodeTests.framework; sourceTree = BUILT_PRODUCTS_DIR; };
		397C37CF14DCEB95BF1F8C2D /* Pods_RealmBarcode.framework */ = {isa = PBXFileReference; explicitFileType = wrapper.framework; includeInIndex = 0; path = Pods_RealmBarcode.framework; sourceTree = BUILT_PRODUCTS_DIR; };
		4A311E0C28CC6363DA384769 /* Pods-RealmBarcodeUITests.release.xcconfig */ = {isa = PBXFileReference; includeInIndex = 1; lastKnownFileType = text.xcconfig; name = "Pods-RealmBarcodeUITests.release.xcconfig"; path = "Pods/Target Support Files/Pods-RealmBarcodeUITests/Pods-RealmBarcodeUITests.release.xcconfig"; sourceTree = "<group>"; };
		6D7A610C1C5DB3A7FD3E715C /* Pods-RealmBarcode.release.xcconfig */ = {isa = PBXFileReference; includeInIndex = 1; lastKnownFileType = text.xcconfig; name = "Pods-RealmBarcode.release.xcconfig"; path = "Pods/Target Support Files/Pods-RealmBarcode/Pods-RealmBarcode.release.xcconfig"; sourceTree = "<group>"; };
		8455CAA6864D6E7423E487A4 /* Pods_RealmBarcodeUITests.framework */ = {isa = PBXFileReference; explicitFileType = wrapper.framework; includeInIndex = 0; path = Pods_RealmBarcodeUITests.framework; sourceTree = BUILT_PRODUCTS_DIR; };
		89783E392AD8A116110AD04D /* Pods-RealmBarcodeTests.debug.xcconfig */ = {isa = PBXFileReference; includeInIndex = 1; lastKnownFileType = text.xcconfig; name = "Pods-RealmBarcodeTests.debug.xcconfig"; path = "Pods/Target Support Files/Pods-RealmBarcodeTests/Pods-RealmBarcodeTests.debug.xcconfig"; sourceTree = "<group>"; };
		8B8C0A932066228C0063859D /* ItemsViewController.swift */ = {isa = PBXFileReference; fileEncoding = 4; lastKnownFileType = sourcecode.swift; path = ItemsViewController.swift; sourceTree = "<group>"; };
		8B8C0A97206629FA0063859D /* ItemDetailViewController.swift */ = {isa = PBXFileReference; lastKnownFileType = sourcecode.swift; path = ItemDetailViewController.swift; sourceTree = "<group>"; };
		8B8C0A9920662A0A0063859D /* ScannerViewController.swift */ = {isa = PBXFileReference; lastKnownFileType = sourcecode.swift; path = ScannerViewController.swift; sourceTree = "<group>"; };
		8B8C0A9B20662BEC0063859D /* ItemsViewController+UITableViewDelegate.swift */ = {isa = PBXFileReference; fileEncoding = 4; lastKnownFileType = sourcecode.swift; path = "ItemsViewController+UITableViewDelegate.swift"; sourceTree = "<group>"; };
		8B8C0A9D20662DDA0063859D /* ItemsViewController+UITableViewDatasource.swift */ = {isa = PBXFileReference; lastKnownFileType = sourcecode.swift; path = "ItemsViewController+UITableViewDatasource.swift"; sourceTree = "<group>"; };
		8B8C0A9F20662EAC0063859D /* Models.swift */ = {isa = PBXFileReference; lastKnownFileType = sourcecode.swift; name = Models.swift; path = RealmBarcode/Models.swift; sourceTree = SOURCE_ROOT; };
		8B8C0AA320663BFE0063859D /* Constants.swift */ = {isa = PBXFileReference; fileEncoding = 4; lastKnownFileType = sourcecode.swift; path = Constants.swift; sourceTree = "<group>"; };
		8BC438C22066162700B71A60 /* RealmBarcode.app */ = {isa = PBXFileReference; explicitFileType = wrapper.application; includeInIndex = 0; path = RealmBarcode.app; sourceTree = BUILT_PRODUCTS_DIR; };
		8BC438C52066162700B71A60 /* AppDelegate.swift */ = {isa = PBXFileReference; lastKnownFileType = sourcecode.swift; path = AppDelegate.swift; sourceTree = "<group>"; };
		8BC438CA2066162700B71A60 /* Base */ = {isa = PBXFileReference; lastKnownFileType = file.storyboard; name = Base; path = Base.lproj/Main.storyboard; sourceTree = "<group>"; };
		8BC438CC2066162700B71A60 /* Assets.xcassets */ = {isa = PBXFileReference; lastKnownFileType = folder.assetcatalog; path = Assets.xcassets; sourceTree = "<group>"; };
		8BC438CF2066162700B71A60 /* Base */ = {isa = PBXFileReference; lastKnownFileType = file.storyboard; name = Base; path = Base.lproj/LaunchScreen.storyboard; sourceTree = "<group>"; };
		8BC438D12066162700B71A60 /* Info.plist */ = {isa = PBXFileReference; lastKnownFileType = text.plist.xml; path = Info.plist; sourceTree = "<group>"; };
		8BC438D62066162800B71A60 /* RealmBarcodeTests.xctest */ = {isa = PBXFileReference; explicitFileType = wrapper.cfbundle; includeInIndex = 0; path = RealmBarcodeTests.xctest; sourceTree = BUILT_PRODUCTS_DIR; };
		8BC438DA2066162800B71A60 /* RealmBarcodeTests.swift */ = {isa = PBXFileReference; lastKnownFileType = sourcecode.swift; path = RealmBarcodeTests.swift; sourceTree = "<group>"; };
		8BC438DC2066162800B71A60 /* Info.plist */ = {isa = PBXFileReference; lastKnownFileType = text.plist.xml; path = Info.plist; sourceTree = "<group>"; };
		8BC438E12066162800B71A60 /* RealmBarcodeUITests.xctest */ = {isa = PBXFileReference; explicitFileType = wrapper.cfbundle; includeInIndex = 0; path = RealmBarcodeUITests.xctest; sourceTree = BUILT_PRODUCTS_DIR; };
		8BC438E52066162800B71A60 /* RealmBarcodeUITests.swift */ = {isa = PBXFileReference; lastKnownFileType = sourcecode.swift; path = RealmBarcodeUITests.swift; sourceTree = "<group>"; };
		8BC438E72066162800B71A60 /* Info.plist */ = {isa = PBXFileReference; lastKnownFileType = text.plist.xml; path = Info.plist; sourceTree = "<group>"; };
		8BE225092069B30900417A2B /* README.md */ = {isa = PBXFileReference; fileEncoding = 4; lastKnownFileType = net.daringfireball.markdown; path = README.md; sourceTree = "<group>"; };
		8BE2250C2069EADD00417A2B /* LocalIPAddress.swift */ = {isa = PBXFileReference; fileEncoding = 4; lastKnownFileType = sourcecode.swift; path = LocalIPAddress.swift; sourceTree = "<group>"; };
		AA6CC5A033633EA828FDB556 /* Pods-RealmBarcodeTests.release.xcconfig */ = {isa = PBXFileReference; includeInIndex = 1; lastKnownFileType = text.xcconfig; name = "Pods-RealmBarcodeTests.release.xcconfig"; path = "Pods/Target Support Files/Pods-RealmBarcodeTests/Pods-RealmBarcodeTests.release.xcconfig"; sourceTree = "<group>"; };
		C86B398624165ABCE74C1BB7 /* Pods-RealmBarcodeUITests.debug.xcconfig */ = {isa = PBXFileReference; includeInIndex = 1; lastKnownFileType = text.xcconfig; name = "Pods-RealmBarcodeUITests.debug.xcconfig"; path = "Pods/Target Support Files/Pods-RealmBarcodeUITests/Pods-RealmBarcodeUITests.debug.xcconfig"; sourceTree = "<group>"; };
		E3F120E06CBA35B54BD49642 /* Pods-RealmBarcode.debug.xcconfig */ = {isa = PBXFileReference; includeInIndex = 1; lastKnownFileType = text.xcconfig; name = "Pods-RealmBarcode.debug.xcconfig"; path = "Pods/Target Support Files/Pods-RealmBarcode/Pods-RealmBarcode.debug.xcconfig"; sourceTree = "<group>"; };
/* End PBXFileReference section */

/* Begin PBXFrameworksBuildPhase section */
		8BC438BF2066162700B71A60 /* Frameworks */ = {
			isa = PBXFrameworksBuildPhase;
			buildActionMask = 2147483647;
			files = (
				C5957AF8927C4012287921F3 /* Pods_RealmBarcode.framework in Frameworks */,
			);
			runOnlyForDeploymentPostprocessing = 0;
		};
		8BC438D32066162800B71A60 /* Frameworks */ = {
			isa = PBXFrameworksBuildPhase;
			buildActionMask = 2147483647;
			files = (
				F4C8875BBA0BDDA80CC2FD61 /* Pods_RealmBarcodeTests.framework in Frameworks */,
			);
			runOnlyForDeploymentPostprocessing = 0;
		};
		8BC438DE2066162800B71A60 /* Frameworks */ = {
			isa = PBXFrameworksBuildPhase;
			buildActionMask = 2147483647;
			files = (
				9A7E44F137DD4ABB99660355 /* Pods_RealmBarcodeUITests.framework in Frameworks */,
			);
			runOnlyForDeploymentPostprocessing = 0;
		};
/* End PBXFrameworksBuildPhase section */

/* Begin PBXGroup section */
		8B347C6F8DCE29D2C79B843F /* Pods */ = {
			isa = PBXGroup;
			children = (
				E3F120E06CBA35B54BD49642 /* Pods-RealmBarcode.debug.xcconfig */,
				6D7A610C1C5DB3A7FD3E715C /* Pods-RealmBarcode.release.xcconfig */,
				89783E392AD8A116110AD04D /* Pods-RealmBarcodeTests.debug.xcconfig */,
				AA6CC5A033633EA828FDB556 /* Pods-RealmBarcodeTests.release.xcconfig */,
				C86B398624165ABCE74C1BB7 /* Pods-RealmBarcodeUITests.debug.xcconfig */,
				4A311E0C28CC6363DA384769 /* Pods-RealmBarcodeUITests.release.xcconfig */,
			);
			name = Pods;
			sourceTree = "<group>";
		};
		8B8C0A912066228C0063859D /* Views */ = {
			isa = PBXGroup;
			children = (
				8B8C0A922066228C0063859D /* ItemList */,
				8B8C0A942066228C0063859D /* ItemDetail */,
				8B8C0A952066228C0063859D /* Scanner */,
			);
			path = Views;
			sourceTree = "<group>";
		};
		8B8C0A922066228C0063859D /* ItemList */ = {
			isa = PBXGroup;
			children = (
				8B8C0A9B20662BEC0063859D /* ItemsViewController+UITableViewDelegate.swift */,
				8B8C0A9D20662DDA0063859D /* ItemsViewController+UITableViewDatasource.swift */,
				8B8C0A932066228C0063859D /* ItemsViewController.swift */,
			);
			path = ItemList;
			sourceTree = "<group>";
		};
		8B8C0A942066228C0063859D /* ItemDetail */ = {
			isa = PBXGroup;
			children = (
				8B8C0A97206629FA0063859D /* ItemDetailViewController.swift */,
			);
			path = ItemDetail;
			sourceTree = "<group>";
		};
		8B8C0A952066228C0063859D /* Scanner */ = {
			isa = PBXGroup;
			children = (
				8B8C0A9920662A0A0063859D /* ScannerViewController.swift */,
			);
			path = Scanner;
			sourceTree = "<group>";
		};
		8BC438B92066162700B71A60 = {
			isa = PBXGroup;
			children = (
				8BE225092069B30900417A2B /* README.md */,
				8BC438C42066162700B71A60 /* RealmBarcode */,
				8BC438D92066162800B71A60 /* RealmBarcodeTests */,
				8BC438E42066162800B71A60 /* RealmBarcodeUITests */,
				8BC438C32066162700B71A60 /* Products */,
				8B347C6F8DCE29D2C79B843F /* Pods */,
				BB87ABCD4379D8D5567034F6 /* Frameworks */,
			);
			sourceTree = "<group>";
		};
		8BC438C32066162700B71A60 /* Products */ = {
			isa = PBXGroup;
			children = (
				8BC438C22066162700B71A60 /* RealmBarcode.app */,
				8BC438D62066162800B71A60 /* RealmBarcodeTests.xctest */,
				8BC438E12066162800B71A60 /* RealmBarcodeUITests.xctest */,
			);
			name = Products;
			sourceTree = "<group>";
		};
		8BC438C42066162700B71A60 /* RealmBarcode */ = {
			isa = PBXGroup;
			children = (
				8B8C0A9F20662EAC0063859D /* Models.swift */,
				8BE2250C2069EADD00417A2B /* LocalIPAddress.swift */,
				8B8C0A912066228C0063859D /* Views */,
				8BC438C52066162700B71A60 /* AppDelegate.swift */,
				8B8C0AA320663BFE0063859D /* Constants.swift */,
				8BC438C92066162700B71A60 /* Main.storyboard */,
				8BC438CC2066162700B71A60 /* Assets.xcassets */,
				8BC438CE2066162700B71A60 /* LaunchScreen.storyboard */,
				8BC438D12066162700B71A60 /* Info.plist */,
			);
			path = RealmBarcode;
			sourceTree = "<group>";
		};
		8BC438D92066162800B71A60 /* RealmBarcodeTests */ = {
			isa = PBXGroup;
			children = (
				8BC438DA2066162800B71A60 /* RealmBarcodeTests.swift */,
				8BC438DC2066162800B71A60 /* Info.plist */,
			);
			path = RealmBarcodeTests;
			sourceTree = "<group>";
		};
		8BC438E42066162800B71A60 /* RealmBarcodeUITests */ = {
			isa = PBXGroup;
			children = (
				8BC438E52066162800B71A60 /* RealmBarcodeUITests.swift */,
				8BC438E72066162800B71A60 /* Info.plist */,
			);
			path = RealmBarcodeUITests;
			sourceTree = "<group>";
		};
		BB87ABCD4379D8D5567034F6 /* Frameworks */ = {
			isa = PBXGroup;
			children = (
				397C37CF14DCEB95BF1F8C2D /* Pods_RealmBarcode.framework */,
				0330BEE9BB27706D965E23E4 /* Pods_RealmBarcodeTests.framework */,
				8455CAA6864D6E7423E487A4 /* Pods_RealmBarcodeUITests.framework */,
			);
			name = Frameworks;
			sourceTree = "<group>";
		};
/* End PBXGroup section */

/* Begin PBXNativeTarget section */
		8BC438C12066162700B71A60 /* RealmBarcode */ = {
			isa = PBXNativeTarget;
			buildConfigurationList = 8BC438EA2066162800B71A60 /* Build configuration list for PBXNativeTarget "RealmBarcode" */;
			buildPhases = (
				8BE2250B2069E83E00417A2B /* Local IP Address */,
				495FADB71FD71CDD39C5931C /* [CP] Check Pods Manifest.lock */,
				8BC438BE2066162700B71A60 /* Sources */,
				8BC438BF2066162700B71A60 /* Frameworks */,
				8BC438C02066162700B71A60 /* Resources */,
				6968D523904CC6E721B48357 /* [CP] Embed Pods Frameworks */,
				FAFBAC8B54AE2A7F25DF6307 /* [CP] Copy Pods Resources */,
			);
			buildRules = (
			);
			dependencies = (
			);
			name = RealmBarcode;
			productName = RealmBarcode;
			productReference = 8BC438C22066162700B71A60 /* RealmBarcode.app */;
			productType = "com.apple.product-type.application";
		};
		8BC438D52066162800B71A60 /* RealmBarcodeTests */ = {
			isa = PBXNativeTarget;
			buildConfigurationList = 8BC438ED2066162800B71A60 /* Build configuration list for PBXNativeTarget "RealmBarcodeTests" */;
			buildPhases = (
				44A7887FEBD1B7843379BF05 /* [CP] Check Pods Manifest.lock */,
				8BC438D22066162800B71A60 /* Sources */,
				8BC438D32066162800B71A60 /* Frameworks */,
				8BC438D42066162800B71A60 /* Resources */,
				0488855619D60F5C3E13A6D2 /* [CP] Embed Pods Frameworks */,
				B0F741CB03A37F5E5B5E406A /* [CP] Copy Pods Resources */,
			);
			buildRules = (
			);
			dependencies = (
				8BC438D82066162800B71A60 /* PBXTargetDependency */,
			);
			name = RealmBarcodeTests;
			productName = RealmBarcodeTests;
			productReference = 8BC438D62066162800B71A60 /* RealmBarcodeTests.xctest */;
			productType = "com.apple.product-type.bundle.unit-test";
		};
		8BC438E02066162800B71A60 /* RealmBarcodeUITests */ = {
			isa = PBXNativeTarget;
			buildConfigurationList = 8BC438F02066162800B71A60 /* Build configuration list for PBXNativeTarget "RealmBarcodeUITests" */;
			buildPhases = (
				C0193F331645EE043086680D /* [CP] Check Pods Manifest.lock */,
				8BC438DD2066162800B71A60 /* Sources */,
				8BC438DE2066162800B71A60 /* Frameworks */,
				8BC438DF2066162800B71A60 /* Resources */,
				6A25956DC75A21CD2A75604F /* [CP] Embed Pods Frameworks */,
				9B063E184FA59BCF5674274D /* [CP] Copy Pods Resources */,
			);
			buildRules = (
			);
			dependencies = (
				8BC438E32066162800B71A60 /* PBXTargetDependency */,
			);
			name = RealmBarcodeUITests;
			productName = RealmBarcodeUITests;
			productReference = 8BC438E12066162800B71A60 /* RealmBarcodeUITests.xctest */;
			productType = "com.apple.product-type.bundle.ui-testing";
		};
/* End PBXNativeTarget section */

/* Begin PBXProject section */
		8BC438BA2066162700B71A60 /* Project object */ = {
			isa = PBXProject;
			attributes = {
				LastSwiftUpdateCheck = 0920;
				LastUpgradeCheck = 0920;
				ORGANIZATIONNAME = Realm;
				TargetAttributes = {
					8BC438C12066162700B71A60 = {
						CreatedOnToolsVersion = 9.2;
						ProvisioningStyle = Automatic;
					};
					8BC438D52066162800B71A60 = {
						CreatedOnToolsVersion = 9.2;
						ProvisioningStyle = Automatic;
						TestTargetID = 8BC438C12066162700B71A60;
					};
					8BC438E02066162800B71A60 = {
						CreatedOnToolsVersion = 9.2;
						ProvisioningStyle = Automatic;
						TestTargetID = 8BC438C12066162700B71A60;
					};
				};
			};
			buildConfigurationList = 8BC438BD2066162700B71A60 /* Build configuration list for PBXProject "RealmBarcode" */;
			compatibilityVersion = "Xcode 8.0";
			developmentRegion = en;
			hasScannedForEncodings = 0;
			knownRegions = (
				en,
				Base,
			);
			mainGroup = 8BC438B92066162700B71A60;
			productRefGroup = 8BC438C32066162700B71A60 /* Products */;
			projectDirPath = "";
			projectRoot = "";
			targets = (
				8BC438C12066162700B71A60 /* RealmBarcode */,
				8BC438D52066162800B71A60 /* RealmBarcodeTests */,
				8BC438E02066162800B71A60 /* RealmBarcodeUITests */,
			);
		};
/* End PBXProject section */

/* Begin PBXResourcesBuildPhase section */
		8BC438C02066162700B71A60 /* Resources */ = {
			isa = PBXResourcesBuildPhase;
			buildActionMask = 2147483647;
			files = (
				8BC438D02066162700B71A60 /* LaunchScreen.storyboard in Resources */,
				8BC438CD2066162700B71A60 /* Assets.xcassets in Resources */,
				8BE2250A2069B30900417A2B /* README.md in Resources */,
				8BC438CB2066162700B71A60 /* Main.storyboard in Resources */,
			);
			runOnlyForDeploymentPostprocessing = 0;
		};
		8BC438D42066162800B71A60 /* Resources */ = {
			isa = PBXResourcesBuildPhase;
			buildActionMask = 2147483647;
			files = (
			);
			runOnlyForDeploymentPostprocessing = 0;
		};
		8BC438DF2066162800B71A60 /* Resources */ = {
			isa = PBXResourcesBuildPhase;
			buildActionMask = 2147483647;
			files = (
			);
			runOnlyForDeploymentPostprocessing = 0;
		};
/* End PBXResourcesBuildPhase section */

/* Begin PBXShellScriptBuildPhase section */
		0488855619D60F5C3E13A6D2 /* [CP] Embed Pods Frameworks */ = {
			isa = PBXShellScriptBuildPhase;
			buildActionMask = 2147483647;
			files = (
			);
			inputPaths = (
			);
			name = "[CP] Embed Pods Frameworks";
			outputPaths = (
			);
			runOnlyForDeploymentPostprocessing = 0;
			shellPath = /bin/sh;
			shellScript = "\"${SRCROOT}/Pods/Target Support Files/Pods-RealmBarcodeTests/Pods-RealmBarcodeTests-frameworks.sh\"\n";
			showEnvVarsInLog = 0;
		};
		44A7887FEBD1B7843379BF05 /* [CP] Check Pods Manifest.lock */ = {
			isa = PBXShellScriptBuildPhase;
			buildActionMask = 2147483647;
			files = (
			);
			inputPaths = (
				"${PODS_PODFILE_DIR_PATH}/Podfile.lock",
				"${PODS_ROOT}/Manifest.lock",
			);
			name = "[CP] Check Pods Manifest.lock";
			outputPaths = (
				"$(DERIVED_FILE_DIR)/Pods-RealmBarcodeTests-checkManifestLockResult.txt",
			);
			runOnlyForDeploymentPostprocessing = 0;
			shellPath = /bin/sh;
			shellScript = "diff \"${PODS_PODFILE_DIR_PATH}/Podfile.lock\" \"${PODS_ROOT}/Manifest.lock\" > /dev/null\nif [ $? != 0 ] ; then\n    # print error to STDERR\n    echo \"error: The sandbox is not in sync with the Podfile.lock. Run 'pod install' or update your CocoaPods installation.\" >&2\n    exit 1\nfi\n# This output is used by Xcode 'outputs' to avoid re-running this script phase.\necho \"SUCCESS\" > \"${SCRIPT_OUTPUT_FILE_0}\"\n";
			showEnvVarsInLog = 0;
		};
		495FADB71FD71CDD39C5931C /* [CP] Check Pods Manifest.lock */ = {
			isa = PBXShellScriptBuildPhase;
			buildActionMask = 2147483647;
			files = (
			);
			inputPaths = (
				"${PODS_PODFILE_DIR_PATH}/Podfile.lock",
				"${PODS_ROOT}/Manifest.lock",
			);
			name = "[CP] Check Pods Manifest.lock";
			outputPaths = (
				"$(DERIVED_FILE_DIR)/Pods-RealmBarcode-checkManifestLockResult.txt",
			);
			runOnlyForDeploymentPostprocessing = 0;
			shellPath = /bin/sh;
			shellScript = "diff \"${PODS_PODFILE_DIR_PATH}/Podfile.lock\" \"${PODS_ROOT}/Manifest.lock\" > /dev/null\nif [ $? != 0 ] ; then\n    # print error to STDERR\n    echo \"error: The sandbox is not in sync with the Podfile.lock. Run 'pod install' or update your CocoaPods installation.\" >&2\n    exit 1\nfi\n# This output is used by Xcode 'outputs' to avoid re-running this script phase.\necho \"SUCCESS\" > \"${SCRIPT_OUTPUT_FILE_0}\"\n";
			showEnvVarsInLog = 0;
		};
		6968D523904CC6E721B48357 /* [CP] Embed Pods Frameworks */ = {
			isa = PBXShellScriptBuildPhase;
			buildActionMask = 2147483647;
			files = (
			);
			inputPaths = (
				"${SRCROOT}/Pods/Target Support Files/Pods-RealmBarcode/Pods-RealmBarcode-frameworks.sh",
				"${BUILT_PRODUCTS_DIR}/Eureka/Eureka.framework",
				"${BUILT_PRODUCTS_DIR}/ImageRow/ImageRow.framework",
				"${BUILT_PRODUCTS_DIR}/Realm/Realm.framework",
				"${BUILT_PRODUCTS_DIR}/RealmSwift/RealmSwift.framework",
			);
			name = "[CP] Embed Pods Frameworks";
			outputPaths = (
				"${TARGET_BUILD_DIR}/${FRAMEWORKS_FOLDER_PATH}/Eureka.framework",
				"${TARGET_BUILD_DIR}/${FRAMEWORKS_FOLDER_PATH}/ImageRow.framework",
				"${TARGET_BUILD_DIR}/${FRAMEWORKS_FOLDER_PATH}/Realm.framework",
				"${TARGET_BUILD_DIR}/${FRAMEWORKS_FOLDER_PATH}/RealmSwift.framework",
			);
			runOnlyForDeploymentPostprocessing = 0;
			shellPath = /bin/sh;
			shellScript = "\"${SRCROOT}/Pods/Target Support Files/Pods-RealmBarcode/Pods-RealmBarcode-frameworks.sh\"\n";
			showEnvVarsInLog = 0;
		};
		6A25956DC75A21CD2A75604F /* [CP] Embed Pods Frameworks */ = {
			isa = PBXShellScriptBuildPhase;
			buildActionMask = 2147483647;
			files = (
			);
			inputPaths = (
			);
			name = "[CP] Embed Pods Frameworks";
			outputPaths = (
			);
			runOnlyForDeploymentPostprocessing = 0;
			shellPath = /bin/sh;
			shellScript = "\"${SRCROOT}/Pods/Target Support Files/Pods-RealmBarcodeUITests/Pods-RealmBarcodeUITests-frameworks.sh\"\n";
			showEnvVarsInLog = 0;
		};
		8BE2250B2069E83E00417A2B /* Local IP Address */ = {
			isa = PBXShellScriptBuildPhase;
			buildActionMask = 2147483647;
			files = (
			);
			inputPaths = (
			);
			name = "Local IP Address";
			outputPaths = (
			);
			runOnlyForDeploymentPostprocessing = 0;
			shellPath = /bin/sh;
			shellScript = "LOCAL_IP_ADDR=$(ipconfig getifaddr $(netstat -f inet -rant | awk '/default/ { print $6; exit }'))\necho \"let localIPAddress = \\\"$LOCAL_IP_ADDR\\\"\" > \"$SRCROOT/RealmBarcode/LocalIPAddress.swift\"";
		};
		9B063E184FA59BCF5674274D /* [CP] Copy Pods Resources */ = {
			isa = PBXShellScriptBuildPhase;
			buildActionMask = 2147483647;
			files = (
			);
			inputPaths = (
			);
			name = "[CP] Copy Pods Resources";
			outputPaths = (
			);
			runOnlyForDeploymentPostprocessing = 0;
			shellPath = /bin/sh;
			shellScript = "\"${SRCROOT}/Pods/Target Support Files/Pods-RealmBarcodeUITests/Pods-RealmBarcodeUITests-resources.sh\"\n";
			showEnvVarsInLog = 0;
		};
		B0F741CB03A37F5E5B5E406A /* [CP] Copy Pods Resources */ = {
			isa = PBXShellScriptBuildPhase;
			buildActionMask = 2147483647;
			files = (
			);
			inputPaths = (
			);
			name = "[CP] Copy Pods Resources";
			outputPaths = (
			);
			runOnlyForDeploymentPostprocessing = 0;
			shellPath = /bin/sh;
			shellScript = "\"${SRCROOT}/Pods/Target Support Files/Pods-RealmBarcodeTests/Pods-RealmBarcodeTests-resources.sh\"\n";
			showEnvVarsInLog = 0;
		};
		C0193F331645EE043086680D /* [CP] Check Pods Manifest.lock */ = {
			isa = PBXShellScriptBuildPhase;
			buildActionMask = 2147483647;
			files = (
			);
			inputPaths = (
				"${PODS_PODFILE_DIR_PATH}/Podfile.lock",
				"${PODS_ROOT}/Manifest.lock",
			);
			name = "[CP] Check Pods Manifest.lock";
			outputPaths = (
				"$(DERIVED_FILE_DIR)/Pods-RealmBarcodeUITests-checkManifestLockResult.txt",
			);
			runOnlyForDeploymentPostprocessing = 0;
			shellPath = /bin/sh;
			shellScript = "diff \"${PODS_PODFILE_DIR_PATH}/Podfile.lock\" \"${PODS_ROOT}/Manifest.lock\" > /dev/null\nif [ $? != 0 ] ; then\n    # print error to STDERR\n    echo \"error: The sandbox is not in sync with the Podfile.lock. Run 'pod install' or update your CocoaPods installation.\" >&2\n    exit 1\nfi\n# This output is used by Xcode 'outputs' to avoid re-running this script phase.\necho \"SUCCESS\" > \"${SCRIPT_OUTPUT_FILE_0}\"\n";
			showEnvVarsInLog = 0;
		};
		FAFBAC8B54AE2A7F25DF6307 /* [CP] Copy Pods Resources */ = {
			isa = PBXShellScriptBuildPhase;
			buildActionMask = 2147483647;
			files = (
			);
			inputPaths = (
			);
			name = "[CP] Copy Pods Resources";
			outputPaths = (
			);
			runOnlyForDeploymentPostprocessing = 0;
			shellPath = /bin/sh;
			shellScript = "\"${SRCROOT}/Pods/Target Support Files/Pods-RealmBarcode/Pods-RealmBarcode-resources.sh\"\n";
			showEnvVarsInLog = 0;
		};
/* End PBXShellScriptBuildPhase section */

/* Begin PBXSourcesBuildPhase section */
		8BC438BE2066162700B71A60 /* Sources */ = {
			isa = PBXSourcesBuildPhase;
			buildActionMask = 2147483647;
			files = (
				8B8C0A9E20662DDA0063859D /* ItemsViewController+UITableViewDatasource.swift in Sources */,
				8BC438C62066162700B71A60 /* AppDelegate.swift in Sources */,
				8BE2250D2069EADD00417A2B /* LocalIPAddress.swift in Sources */,
				8B8C0A962066228C0063859D /* ItemsViewController.swift in Sources */,
				8B8C0A98206629FA0063859D /* ItemDetailViewController.swift in Sources */,
				8B8C0A9A20662A0A0063859D /* ScannerViewController.swift in Sources */,
				8B8C0A9C20662BEC0063859D /* ItemsViewController+UITableViewDelegate.swift in Sources */,
				8B8C0AA020662EAC0063859D /* Models.swift in Sources */,
				8B8C0AA420663BFE0063859D /* Constants.swift in Sources */,
			);
			runOnlyForDeploymentPostprocessing = 0;
		};
		8BC438D22066162800B71A60 /* Sources */ = {
			isa = PBXSourcesBuildPhase;
			buildActionMask = 2147483647;
			files = (
				8BC438DB2066162800B71A60 /* RealmBarcodeTests.swift in Sources */,
			);
			runOnlyForDeploymentPostprocessing = 0;
		};
		8BC438DD2066162800B71A60 /* Sources */ = {
			isa = PBXSourcesBuildPhase;
			buildActionMask = 2147483647;
			files = (
				8BC438E62066162800B71A60 /* RealmBarcodeUITests.swift in Sources */,
			);
			runOnlyForDeploymentPostprocessing = 0;
		};
/* End PBXSourcesBuildPhase section */

/* Begin PBXTargetDependency section */
		8BC438D82066162800B71A60 /* PBXTargetDependency */ = {
			isa = PBXTargetDependency;
			target = 8BC438C12066162700B71A60 /* RealmBarcode */;
			targetProxy = 8BC438D72066162800B71A60 /* PBXContainerItemProxy */;
		};
		8BC438E32066162800B71A60 /* PBXTargetDependency */ = {
			isa = PBXTargetDependency;
			target = 8BC438C12066162700B71A60 /* RealmBarcode */;
			targetProxy = 8BC438E22066162800B71A60 /* PBXContainerItemProxy */;
		};
/* End PBXTargetDependency section */

/* Begin PBXVariantGroup section */
		8BC438C92066162700B71A60 /* Main.storyboard */ = {
			isa = PBXVariantGroup;
			children = (
				8BC438CA2066162700B71A60 /* Base */,
			);
			name = Main.storyboard;
			sourceTree = "<group>";
		};
		8BC438CE2066162700B71A60 /* LaunchScreen.storyboard */ = {
			isa = PBXVariantGroup;
			children = (
				8BC438CF2066162700B71A60 /* Base */,
			);
			name = LaunchScreen.storyboard;
			sourceTree = "<group>";
		};
/* End PBXVariantGroup section */

/* Begin XCBuildConfiguration section */
		8BC438E82066162800B71A60 /* Debug */ = {
			isa = XCBuildConfiguration;
			buildSettings = {
				ALWAYS_SEARCH_USER_PATHS = NO;
				CLANG_ANALYZER_NONNULL = YES;
				CLANG_ANALYZER_NUMBER_OBJECT_CONVERSION = YES_AGGRESSIVE;
				CLANG_CXX_LANGUAGE_STANDARD = "gnu++14";
				CLANG_CXX_LIBRARY = "libc++";
				CLANG_ENABLE_MODULES = YES;
				CLANG_ENABLE_OBJC_ARC = YES;
				CLANG_WARN_BLOCK_CAPTURE_AUTORELEASING = YES;
				CLANG_WARN_BOOL_CONVERSION = YES;
				CLANG_WARN_COMMA = YES;
				CLANG_WARN_CONSTANT_CONVERSION = YES;
				CLANG_WARN_DIRECT_OBJC_ISA_USAGE = YES_ERROR;
				CLANG_WARN_DOCUMENTATION_COMMENTS = YES;
				CLANG_WARN_EMPTY_BODY = YES;
				CLANG_WARN_ENUM_CONVERSION = YES;
				CLANG_WARN_INFINITE_RECURSION = YES;
				CLANG_WARN_INT_CONVERSION = YES;
				CLANG_WARN_NON_LITERAL_NULL_CONVERSION = YES;
				CLANG_WARN_OBJC_LITERAL_CONVERSION = YES;
				CLANG_WARN_OBJC_ROOT_CLASS = YES_ERROR;
				CLANG_WARN_RANGE_LOOP_ANALYSIS = YES;
				CLANG_WARN_STRICT_PROTOTYPES = YES;
				CLANG_WARN_SUSPICIOUS_MOVE = YES;
				CLANG_WARN_UNGUARDED_AVAILABILITY = YES_AGGRESSIVE;
				CLANG_WARN_UNREACHABLE_CODE = YES;
				CLANG_WARN__DUPLICATE_METHOD_MATCH = YES;
				CODE_SIGN_IDENTITY = "iPhone Developer";
				COPY_PHASE_STRIP = NO;
				DEBUG_INFORMATION_FORMAT = dwarf;
				ENABLE_STRICT_OBJC_MSGSEND = YES;
				ENABLE_TESTABILITY = YES;
				GCC_C_LANGUAGE_STANDARD = gnu11;
				GCC_DYNAMIC_NO_PIC = NO;
				GCC_NO_COMMON_BLOCKS = YES;
				GCC_OPTIMIZATION_LEVEL = 0;
				GCC_PREPROCESSOR_DEFINITIONS = (
					"DEBUG=1",
					"$(inherited)",
				);
				GCC_WARN_64_TO_32_BIT_CONVERSION = YES;
				GCC_WARN_ABOUT_RETURN_TYPE = YES_ERROR;
				GCC_WARN_UNDECLARED_SELECTOR = YES;
				GCC_WARN_UNINITIALIZED_AUTOS = YES_AGGRESSIVE;
				GCC_WARN_UNUSED_FUNCTION = YES;
				GCC_WARN_UNUSED_VARIABLE = YES;
				IPHONEOS_DEPLOYMENT_TARGET = 11.2;
				MTL_ENABLE_DEBUG_INFO = YES;
				ONLY_ACTIVE_ARCH = YES;
				SDKROOT = iphoneos;
				SWIFT_ACTIVE_COMPILATION_CONDITIONS = DEBUG;
				SWIFT_OPTIMIZATION_LEVEL = "-Onone";
			};
			name = Debug;
		};
		8BC438E92066162800B71A60 /* Release */ = {
			isa = XCBuildConfiguration;
			buildSettings = {
				ALWAYS_SEARCH_USER_PATHS = NO;
				CLANG_ANALYZER_NONNULL = YES;
				CLANG_ANALYZER_NUMBER_OBJECT_CONVERSION = YES_AGGRESSIVE;
				CLANG_CXX_LANGUAGE_STANDARD = "gnu++14";
				CLANG_CXX_LIBRARY = "libc++";
				CLANG_ENABLE_MODULES = YES;
				CLANG_ENABLE_OBJC_ARC = YES;
				CLANG_WARN_BLOCK_CAPTURE_AUTORELEASING = YES;
				CLANG_WARN_BOOL_CONVERSION = YES;
				CLANG_WARN_COMMA = YES;
				CLANG_WARN_CONSTANT_CONVERSION = YES;
				CLANG_WARN_DIRECT_OBJC_ISA_USAGE = YES_ERROR;
				CLANG_WARN_DOCUMENTATION_COMMENTS = YES;
				CLANG_WARN_EMPTY_BODY = YES;
				CLANG_WARN_ENUM_CONVERSION = YES;
				CLANG_WARN_INFINITE_RECURSION = YES;
				CLANG_WARN_INT_CONVERSION = YES;
				CLANG_WARN_NON_LITERAL_NULL_CONVERSION = YES;
				CLANG_WARN_OBJC_LITERAL_CONVERSION = YES;
				CLANG_WARN_OBJC_ROOT_CLASS = YES_ERROR;
				CLANG_WARN_RANGE_LOOP_ANALYSIS = YES;
				CLANG_WARN_STRICT_PROTOTYPES = YES;
				CLANG_WARN_SUSPICIOUS_MOVE = YES;
				CLANG_WARN_UNGUARDED_AVAILABILITY = YES_AGGRESSIVE;
				CLANG_WARN_UNREACHABLE_CODE = YES;
				CLANG_WARN__DUPLICATE_METHOD_MATCH = YES;
				CODE_SIGN_IDENTITY = "iPhone Developer";
				COPY_PHASE_STRIP = NO;
				DEBUG_INFORMATION_FORMAT = "dwarf-with-dsym";
				ENABLE_NS_ASSERTIONS = NO;
				ENABLE_STRICT_OBJC_MSGSEND = YES;
				GCC_C_LANGUAGE_STANDARD = gnu11;
				GCC_NO_COMMON_BLOCKS = YES;
				GCC_WARN_64_TO_32_BIT_CONVERSION = YES;
				GCC_WARN_ABOUT_RETURN_TYPE = YES_ERROR;
				GCC_WARN_UNDECLARED_SELECTOR = YES;
				GCC_WARN_UNINITIALIZED_AUTOS = YES_AGGRESSIVE;
				GCC_WARN_UNUSED_FUNCTION = YES;
				GCC_WARN_UNUSED_VARIABLE = YES;
				IPHONEOS_DEPLOYMENT_TARGET = 11.2;
				MTL_ENABLE_DEBUG_INFO = NO;
				SDKROOT = iphoneos;
				SWIFT_OPTIMIZATION_LEVEL = "-Owholemodule";
				VALIDATE_PRODUCT = YES;
			};
			name = Release;
		};
		8BC438EB2066162800B71A60 /* Debug */ = {
			isa = XCBuildConfiguration;
			baseConfigurationReference = E3F120E06CBA35B54BD49642 /* Pods-RealmBarcode.debug.xcconfig */;
			buildSettings = {
				ASSETCATALOG_COMPILER_APPICON_NAME = AppIcon;
				CODE_SIGN_STYLE = Automatic;
				DEVELOPMENT_TEAM = YSHJQA6U2L;
				INFOPLIST_FILE = RealmBarcode/Info.plist;
				LD_RUNPATH_SEARCH_PATHS = "$(inherited) @executable_path/Frameworks";
				PRODUCT_BUNDLE_IDENTIFIER = io.realm.RealmBarcode;
				PRODUCT_NAME = "$(TARGET_NAME)";
				SWIFT_VERSION = 4.0;
				TARGETED_DEVICE_FAMILY = "1,2";
			};
			name = Debug;
		};
		8BC438EC2066162800B71A60 /* Release */ = {
			isa = XCBuildConfiguration;
			baseConfigurationReference = 6D7A610C1C5DB3A7FD3E715C /* Pods-RealmBarcode.release.xcconfig */;
			buildSettings = {
				ASSETCATALOG_COMPILER_APPICON_NAME = AppIcon;
				CODE_SIGN_STYLE = Automatic;
				DEVELOPMENT_TEAM = YSHJQA6U2L;
				INFOPLIST_FILE = RealmBarcode/Info.plist;
				LD_RUNPATH_SEARCH_PATHS = "$(inherited) @executable_path/Frameworks";
				PRODUCT_BUNDLE_IDENTIFIER = io.realm.RealmBarcode;
				PRODUCT_NAME = "$(TARGET_NAME)";
				SWIFT_VERSION = 4.0;
				TARGETED_DEVICE_FAMILY = "1,2";
			};
			name = Release;
		};
		8BC438EE2066162800B71A60 /* Debug */ = {
			isa = XCBuildConfiguration;
			baseConfigurationReference = 89783E392AD8A116110AD04D /* Pods-RealmBarcodeTests.debug.xcconfig */;
			buildSettings = {
				ALWAYS_EMBED_SWIFT_STANDARD_LIBRARIES = YES;
				BUNDLE_LOADER = "$(TEST_HOST)";
				CODE_SIGN_STYLE = Automatic;
				DEVELOPMENT_TEAM = YSHJQA6U2L;
				INFOPLIST_FILE = RealmBarcodeTests/Info.plist;
				LD_RUNPATH_SEARCH_PATHS = "$(inherited) @executable_path/Frameworks @loader_path/Frameworks";
				PRODUCT_BUNDLE_IDENTIFIER = io.realm.RealmBarcodeTests;
				PRODUCT_NAME = "$(TARGET_NAME)";
				SWIFT_VERSION = 4.0;
				TARGETED_DEVICE_FAMILY = "1,2";
				TEST_HOST = "$(BUILT_PRODUCTS_DIR)/RealmBarcode.app/RealmBarcode";
			};
			name = Debug;
		};
		8BC438EF2066162800B71A60 /* Release */ = {
			isa = XCBuildConfiguration;
			baseConfigurationReference = AA6CC5A033633EA828FDB556 /* Pods-RealmBarcodeTests.release.xcconfig */;
			buildSettings = {
				ALWAYS_EMBED_SWIFT_STANDARD_LIBRARIES = YES;
				BUNDLE_LOADER = "$(TEST_HOST)";
				CODE_SIGN_STYLE = Automatic;
				DEVELOPMENT_TEAM = YSHJQA6U2L;
				INFOPLIST_FILE = RealmBarcodeTests/Info.plist;
				LD_RUNPATH_SEARCH_PATHS = "$(inherited) @executable_path/Frameworks @loader_path/Frameworks";
				PRODUCT_BUNDLE_IDENTIFIER = io.realm.RealmBarcodeTests;
				PRODUCT_NAME = "$(TARGET_NAME)";
				SWIFT_VERSION = 4.0;
				TARGETED_DEVICE_FAMILY = "1,2";
				TEST_HOST = "$(BUILT_PRODUCTS_DIR)/RealmBarcode.app/RealmBarcode";
			};
			name = Release;
		};
		8BC438F12066162800B71A60 /* Debug */ = {
			isa = XCBuildConfiguration;
			baseConfigurationReference = C86B398624165ABCE74C1BB7 /* Pods-RealmBarcodeUITests.debug.xcconfig */;
			buildSettings = {
				ALWAYS_EMBED_SWIFT_STANDARD_LIBRARIES = YES;
				CODE_SIGN_STYLE = Automatic;
				DEVELOPMENT_TEAM = YSHJQA6U2L;
				INFOPLIST_FILE = RealmBarcodeUITests/Info.plist;
				LD_RUNPATH_SEARCH_PATHS = "$(inherited) @executable_path/Frameworks @loader_path/Frameworks";
				PRODUCT_BUNDLE_IDENTIFIER = io.realm.RealmBarcodeUITests;
				PRODUCT_NAME = "$(TARGET_NAME)";
				SWIFT_VERSION = 4.0;
				TARGETED_DEVICE_FAMILY = "1,2";
				TEST_TARGET_NAME = RealmBarcode;
			};
			name = Debug;
		};
		8BC438F22066162800B71A60 /* Release */ = {
			isa = XCBuildConfiguration;
			baseConfigurationReference = 4A311E0C28CC6363DA384769 /* Pods-RealmBarcodeUITests.release.xcconfig */;
			buildSettings = {
				ALWAYS_EMBED_SWIFT_STANDARD_LIBRARIES = YES;
				CODE_SIGN_STYLE = Automatic;
				DEVELOPMENT_TEAM = YSHJQA6U2L;
				INFOPLIST_FILE = RealmBarcodeUITests/Info.plist;
				LD_RUNPATH_SEARCH_PATHS = "$(inherited) @executable_path/Frameworks @loader_path/Frameworks";
				PRODUCT_BUNDLE_IDENTIFIER = io.realm.RealmBarcodeUITests;
				PRODUCT_NAME = "$(TARGET_NAME)";
				SWIFT_VERSION = 4.0;
				TARGETED_DEVICE_FAMILY = "1,2";
				TEST_TARGET_NAME = RealmBarcode;
			};
			name = Release;
		};
/* End XCBuildConfiguration section */

/* Begin XCConfigurationList section */
		8BC438BD2066162700B71A60 /* Build configuration list for PBXProject "RealmBarcode" */ = {
			isa = XCConfigurationList;
			buildConfigurations = (
				8BC438E82066162800B71A60 /* Debug */,
				8BC438E92066162800B71A60 /* Release */,
			);
			defaultConfigurationIsVisible = 0;
			defaultConfigurationName = Release;
		};
		8BC438EA2066162800B71A60 /* Build configuration list for PBXNativeTarget "RealmBarcode" */ = {
			isa = XCConfigurationList;
			buildConfigurations = (
				8BC438EB2066162800B71A60 /* Debug */,
				8BC438EC2066162800B71A60 /* Release */,
			);
			defaultConfigurationIsVisible = 0;
			defaultConfigurationName = Release;
		};
		8BC438ED2066162800B71A60 /* Build configuration list for PBXNativeTarget "RealmBarcodeTests" */ = {
			isa = XCConfigurationList;
			buildConfigurations = (
				8BC438EE2066162800B71A60 /* Debug */,
				8BC438EF2066162800B71A60 /* Release */,
			);
			defaultConfigurationIsVisible = 0;
			defaultConfigurationName = Release;
		};
		8BC438F02066162800B71A60 /* Build configuration list for PBXNativeTarget "RealmBarcodeUITests" */ = {
			isa = XCConfigurationList;
			buildConfigurations = (
				8BC438F12066162800B71A60 /* Debug */,
				8BC438F22066162800B71A60 /* Release */,
			);
			defaultConfigurationIsVisible = 0;
			defaultConfigurationName = Release;
		};
/* End XCConfigurationList section */
	};
	rootObject = 8BC438BA2066162700B71A60 /* Project object */;
}
