PODS:
  - Eureka (4.1.1)
  - ImageRow (3.0.0):
    - Eureka (~> 4.0)
  - Realm (3.3.0):
    - Realm/Headers (= 3.3.0)
  - Realm/Headers (3.3.0)
  - RealmSwift (3.3.0):
    - Realm (= 3.3.0)

DEPENDENCIES:
  - Eureka
  - ImageRow
  - Realm
  - RealmSwift

SPEC CHECKSUMS:
  Eureka: b88fb930e42c79f8c03c373d0fcdc28c1d6c50ed
  ImageRow: 048123c296de9a6ac3998c415a6706c45ce480af
  Realm: 7d74ad6c5020432f58fe5e1df90bb6d97b2c7fef
  RealmSwift: b2fa31a09c22e246026766557405505eeaad2b01

PODFILE CHECKSUM: d53281c8e2e40a0e9f474efa97d649037677d8cd

COCOAPODS: 1.4.0
